// !$*UTF8*$!
{
	archiveVersion = 1;
	classes = {
	};
	objectVersion = 77;
	objects = {

/* Begin PBXBuildFile section */
		0407FC9ED972715DA6849000 /* Task.swift in Sources */ = {isa = PBXBuildFile; fileRef = B8ED71CDFC44FAFE0279C39C /* Task.swift */; };
		1A0331B3FF2456251EE773EF /* TaskHubView.swift in Sources */ = {isa = PBXBuildFile; fileRef = 0781C16DA0E419F3FCCB5CCC /* TaskHubView.swift */; };
		1E7446523C2CED731D45B743 /* CronJob.swift in Sources */ = {isa = PBXBuildFile; fileRef = 9C2D4B070ECDF158E2D2A7C1 /* CronJob.swift */; };
		38DCC268BEB87A9B505E4734 /* DashboardView.swift in Sources */ = {isa = PBXBuildFile; fileRef = 5218FD84572FD6C66D75D9C4 /* DashboardView.swift */; };
		4694801719DC588E6ED6A5BC /* ConnectivityMonitor.swift in Sources */ = {isa = PBXBuildFile; fileRef = C5DDCA91B6D40C91012735F0 /* ConnectivityMonitor.swift */; };
		5184989F3518E77900A07FDF /* CronViewModel.swift in Sources */ = {isa = PBXBuildFile; fileRef = 9BA5B9AD190868BC2871F76B /* CronViewModel.swift */; };
		58BDC7E4A145BA53425221AA /* APIResponse.swift in Sources */ = {isa = PBXBuildFile; fileRef = A23D00DB488254B57FCBCF8A /* APIResponse.swift */; };
		8E7483FDCE8BB147305CE313 /* ContentView.swift in Sources */ = {isa = PBXBuildFile; fileRef = 93FF435D3ED46B6BAE843FD1 /* ContentView.swift */; };
		99C241137259351192165C21 /* Alert.swift in Sources */ = {isa = PBXBuildFile; fileRef = E8BB2697DC18FBE8CC6FDF16 /* Alert.swift */; };
		9B3B996E2B2C999C870BBAFB /* LogsViewModel.swift in Sources */ = {isa = PBXBuildFile; fileRef = 284F20378057999A19AE78D8 /* LogsViewModel.swift */; };
		A0708FE2DAADA1A20DBC5EED /* LogsView.swift in Sources */ = {isa = PBXBuildFile; fileRef = 505BEC85D3FC95D1612E0160 /* LogsView.swift */; };
		AB43853830538B94413B6ADB /* APIClient.swift in Sources */ = {isa = PBXBuildFile; fileRef = 64D4AFDCEAC51B2A932A93FF /* APIClient.swift */; };
		AC6F7EC5002162F2BFD8CD01 /* Endpoint.swift in Sources */ = {isa = PBXBuildFile; fileRef = 05EFB1AAC58031140EF401AA /* Endpoint.swift */; };
		B252EAA8692D98B2D0E7376A /* CronView.swift in Sources */ = {isa = PBXBuildFile; fileRef = 25932F0E517698DE13D7C2F9 /* CronView.swift */; };
		B41D92D49CD0B6E0A4402CFA /* DashboardViewModel.swift in Sources */ = {isa = PBXBuildFile; fileRef = 49FD962CE4264F5FCF35AFF4 /* DashboardViewModel.swift */; };
		B98EAF4021CCF488FE8292E5 /* OpenClawMonitorApp.swift in Sources */ = {isa = PBXBuildFile; fileRef = 5C6A57BF27E65BDEF19EDA85 /* OpenClawMonitorApp.swift */; };
		C4425E08DCF0623EC081F402 /* AuthManager.swift in Sources */ = {isa = PBXBuildFile; fileRef = 42C65D2845DAA79C2B7FF426 /* AuthManager.swift */; };
		CC7523239E88643086548D38 /* MonitorView.swift in Sources */ = {isa = PBXBuildFile; fileRef = 2070C28765B27D51E456B0E5 /* MonitorView.swift */; };
		D0C768816551D2CD6EE50F79 /* SSEClient.swift in Sources */ = {isa = PBXBuildFile; fileRef = 58B60F4DF5029CAA7E0CDC5B /* SSEClient.swift */; };
		E1E638CC52A923DF1B318082 /* AppError.swift in Sources */ = {isa = PBXBuildFile; fileRef = F79EF61F710CF7788BA703ED /* AppError.swift */; };
		F484861D055357456F346EB7 /* Agent.swift in Sources */ = {isa = PBXBuildFile; fileRef = EA917CEB64716FCA72AA469C /* Agent.swift */; };
		FB6A2A1A207DBF48B38DF39A /* TaskHubViewModel.swift in Sources */ = {isa = PBXBuildFile; fileRef = F7A1175C70D96C423706D26D /* TaskHubViewModel.swift */; };
		FCEF1538289CD9733119CDED /* LoginView.swift in Sources */ = {isa = PBXBuildFile; fileRef = 1EE155DF14FCAB285DDA4A57 /* LoginView.swift */; };
/* End PBXBuildFile section */

/* Begin PBXFileReference section */
		05EFB1AAC58031140EF401AA /* Endpoint.swift */ = {isa = PBXFileReference; lastKnownFileType = sourcecode.swift; path = Endpoint.swift; sourceTree = "<group>"; };
		0781C16DA0E419F3FCCB5CCC /* TaskHubView.swift */ = {isa = PBXFileReference; lastKnownFileType = sourcecode.swift; path = TaskHubView.swift; sourceTree = "<group>"; };
		1EE155DF14FCAB285DDA4A57 /* LoginView.swift */ = {isa = PBXFileReference; lastKnownFileType = sourcecode.swift; path = LoginView.swift; sourceTree = "<group>"; };
		2070C28765B27D51E456B0E5 /* MonitorView.swift */ = {isa = PBXFileReference; lastKnownFileType = sourcecode.swift; path = MonitorView.swift; sourceTree = "<group>"; };
		25932F0E517698DE13D7C2F9 /* CronView.swift */ = {isa = PBXFileReference; lastKnownFileType = sourcecode.swift; path = CronView.swift; sourceTree = "<group>"; };
		284F20378057999A19AE78D8 /* LogsViewModel.swift */ = {isa = PBXFileReference; lastKnownFileType = sourcecode.swift; path = LogsViewModel.swift; sourceTree = "<group>"; };
		32E38AF6E9AFEEEAB892AEFB /* OpenClawMonitor.app */ = {isa = PBXFileReference; includeInIndex = 0; lastKnownFileType = wrapper.application; path = OpenClawMonitor.app; sourceTree = BUILT_PRODUCTS_DIR; };
		42C65D2845DAA79C2B7FF426 /* AuthManager.swift */ = {isa = PBXFileReference; lastKnownFileType = sourcecode.swift; path = AuthManager.swift; sourceTree = "<group>"; };
		49FD962CE4264F5FCF35AFF4 /* DashboardViewModel.swift */ = {isa = PBXFileReference; lastKnownFileType = sourcecode.swift; path = DashboardViewModel.swift; sourceTree = "<group>"; };
		505BEC85D3FC95D1612E0160 /* LogsView.swift */ = {isa = PBXFileReference; lastKnownFileType = sourcecode.swift; path = LogsView.swift; sourceTree = "<group>"; };
		5218FD84572FD6C66D75D9C4 /* DashboardView.swift */ = {isa = PBXFileReference; lastKnownFileType = sourcecode.swift; path = DashboardView.swift; sourceTree = "<group>"; };
		58B60F4DF5029CAA7E0CDC5B /* SSEClient.swift */ = {isa = PBXFileReference; lastKnownFileType = sourcecode.swift; path = SSEClient.swift; sourceTree = "<group>"; };
		5C6A57BF27E65BDEF19EDA85 /* OpenClawMonitorApp.swift */ = {isa = PBXFileReference; lastKnownFileType = sourcecode.swift; path = OpenClawMonitorApp.swift; sourceTree = "<group>"; };
		64D4AFDCEAC51B2A932A93FF /* APIClient.swift */ = {isa = PBXFileReference; lastKnownFileType = sourcecode.swift; path = APIClient.swift; sourceTree = "<group>"; };
		93FF435D3ED46B6BAE843FD1 /* ContentView.swift */ = {isa = PBXFileReference; lastKnownFileType = sourcecode.swift; path = ContentView.swift; sourceTree = "<group>"; };
		9BA5B9AD190868BC2871F76B /* CronViewModel.swift */ = {isa = PBXFileReference; lastKnownFileType = sourcecode.swift; path = CronViewModel.swift; sourceTree = "<group>"; };
		9C2D4B070ECDF158E2D2A7C1 /* CronJob.swift */ = {isa = PBXFileReference; lastKnownFileType = sourcecode.swift; path = CronJob.swift; sourceTree = "<group>"; };
		A23D00DB488254B57FCBCF8A /* APIResponse.swift */ = {isa = PBXFileReference; lastKnownFileType = sourcecode.swift; path = APIResponse.swift; sourceTree = "<group>"; };
		B8ED71CDFC44FAFE0279C39C /* Task.swift */ = {isa = PBXFileReference; lastKnownFileType = sourcecode.swift; path = Task.swift; sourceTree = "<group>"; };
		C5DDCA91B6D40C91012735F0 /* ConnectivityMonitor.swift */ = {isa = PBXFileReference; lastKnownFileType = sourcecode.swift; path = ConnectivityMonitor.swift; sourceTree = "<group>"; };
		E8BB2697DC18FBE8CC6FDF16 /* Alert.swift */ = {isa = PBXFileReference; lastKnownFileType = sourcecode.swift; path = Alert.swift; sourceTree = "<group>"; };
		EA917CEB64716FCA72AA469C /* Agent.swift */ = {isa = PBXFileReference; lastKnownFileType = sourcecode.swift; path = Agent.swift; sourceTree = "<group>"; };
		F79EF61F710CF7788BA703ED /* AppError.swift */ = {isa = PBXFileReference; lastKnownFileType = sourcecode.swift; path = AppError.swift; sourceTree = "<group>"; };
		F7A1175C70D96C423706D26D /* TaskHubViewModel.swift */ = {isa = PBXFileReference; lastKnownFileType = sourcecode.swift; path = TaskHubViewModel.swift; sourceTree = "<group>"; };
/* End PBXFileReference section */

/* Begin PBXGroup section */
		04003207B1F6F84D7B2BB6DE /* Networking */ = {
			isa = PBXGroup;
			children = (
				64D4AFDCEAC51B2A932A93FF /* APIClient.swift */,
				C5DDCA91B6D40C91012735F0 /* ConnectivityMonitor.swift */,
				05EFB1AAC58031140EF401AA /* Endpoint.swift */,
				58B60F4DF5029CAA7E0CDC5B /* SSEClient.swift */,
			);
			path = Networking;
			sourceTree = "<group>";
		};
		275DDC9C8B7C6D6F6F31BFFE /* Login */ = {
			isa = PBXGroup;
			children = (
				1EE155DF14FCAB285DDA4A57 /* LoginView.swift */,
			);
			path = Login;
			sourceTree = "<group>";
		};
		285C5C29B90FDB071717897E /* Logs */ = {
			isa = PBXGroup;
			children = (
				505BEC85D3FC95D1612E0160 /* LogsView.swift */,
				284F20378057999A19AE78D8 /* LogsViewModel.swift */,
			);
			path = Logs;
			sourceTree = "<group>";
		};
		393AAB663A1BB57C99C3B863 /* Errors */ = {
			isa = PBXGroup;
			children = (
				F79EF61F710CF7788BA703ED /* AppError.swift */,
			);
			path = Errors;
			sourceTree = "<group>";
		};
		45739CD6928332162AE5FFA2 /* Products */ = {
			isa = PBXGroup;
			children = (
				32E38AF6E9AFEEEAB892AEFB /* OpenClawMonitor.app */,
			);
			name = Products;
			sourceTree = "<group>";
		};
		4E32AD09C6D5F411B85189DC /* Dashboard */ = {
			isa = PBXGroup;
			children = (
				5218FD84572FD6C66D75D9C4 /* DashboardView.swift */,
				49FD962CE4264F5FCF35AFF4 /* DashboardViewModel.swift */,
				2070C28765B27D51E456B0E5 /* MonitorView.swift */,
			);
			path = Dashboard;
			sourceTree = "<group>";
		};
		6664482F05E2869496B13210 /* Features */ = {
			isa = PBXGroup;
			children = (
				75193F74B66599EC25006FF0 /* Cron */,
				4E32AD09C6D5F411B85189DC /* Dashboard */,
				275DDC9C8B7C6D6F6F31BFFE /* Login */,
				285C5C29B90FDB071717897E /* Logs */,
				9D32079380450AC2827AA100 /* TaskHub */,
			);
			path = Features;
			sourceTree = "<group>";
		};
		7131C3E4A8B1DF55BD4AD552 = {
			isa = PBXGroup;
			children = (
				AC34768F95858BFDC8819516 /* OpenClawMonitor */,
				45739CD6928332162AE5FFA2 /* Products */,
			);
			sourceTree = "<group>";
		};
		75193F74B66599EC25006FF0 /* Cron */ = {
			isa = PBXGroup;
			children = (
				25932F0E517698DE13D7C2F9 /* CronView.swift */,
				9BA5B9AD190868BC2871F76B /* CronViewModel.swift */,
			);
			path = Cron;
			sourceTree = "<group>";
		};
		8456A76BCB1A8DCCA753D6EA /* Models */ = {
			isa = PBXGroup;
			children = (
				EA917CEB64716FCA72AA469C /* Agent.swift */,
				E8BB2697DC18FBE8CC6FDF16 /* Alert.swift */,
				A23D00DB488254B57FCBCF8A /* APIResponse.swift */,
				9C2D4B070ECDF158E2D2A7C1 /* CronJob.swift */,
				B8ED71CDFC44FAFE0279C39C /* Task.swift */,
			);
			path = Models;
			sourceTree = "<group>";
		};
		9D32079380450AC2827AA100 /* TaskHub */ = {
			isa = PBXGroup;
			children = (
				0781C16DA0E419F3FCCB5CCC /* TaskHubView.swift */,
				F7A1175C70D96C423706D26D /* TaskHubViewModel.swift */,
			);
			path = TaskHub;
			sourceTree = "<group>";
		};
		AC34768F95858BFDC8819516 /* OpenClawMonitor */ = {
			isa = PBXGroup;
			children = (
				D0BDA628A3ECA115CBDC759B /* App */,
				E5D5C1812E92584D31083FBB /* Core */,
				6664482F05E2869496B13210 /* Features */,
			);
			path = OpenClawMonitor;
			sourceTree = "<group>";
		};
		BE4C092EFE5BFA8D35C95B8F /* Auth */ = {
			isa = PBXGroup;
			children = (
				42C65D2845DAA79C2B7FF426 /* AuthManager.swift */,
			);
			path = Auth;
			sourceTree = "<group>";
		};
		D0BDA628A3ECA115CBDC759B /* App */ = {
			isa = PBXGroup;
			children = (
				93FF435D3ED46B6BAE843FD1 /* ContentView.swift */,
				5C6A57BF27E65BDEF19EDA85 /* OpenClawMonitorApp.swift */,
			);
			path = App;
			sourceTree = "<group>";
		};
		E5D5C1812E92584D31083FBB /* Core */ = {
			isa = PBXGroup;
			children = (
				BE4C092EFE5BFA8D35C95B8F /* Auth */,
				393AAB663A1BB57C99C3B863 /* Errors */,
				8456A76BCB1A8DCCA753D6EA /* Models */,
				04003207B1F6F84D7B2BB6DE /* Networking */,
			);
			path = Core;
			sourceTree = "<group>";
		};
/* End PBXGroup section */

/* Begin PBXNativeTarget section */
		9AC7EFE1279721B32A3513E5 /* OpenClawMonitor */ = {
			isa = PBXNativeTarget;
			buildConfigurationList = 46FAC2F905099D99C414CE24 /* Build configuration list for PBXNativeTarget "OpenClawMonitor" */;
			buildPhases = (
				4B43FFEAE0741AC4C52AF6AE /* Sources */,
			);
			buildRules = (
			);
			dependencies = (
			);
			name = OpenClawMonitor;
			packageProductDependencies = (
			);
			productName = OpenClawMonitor;
			productReference = 32E38AF6E9AFEEEAB892AEFB /* OpenClawMonitor.app */;
			productType = "com.apple.product-type.application";
		};
/* End PBXNativeTarget section */

/* Begin PBXProject section */
		7484296D032AB3F915747E90 /* Project object */ = {
			isa = PBXProject;
			attributes = {
				BuildIndependentTargetsInParallel = YES;
				LastUpgradeCheck = 1640;
				TargetAttributes = {
					9AC7EFE1279721B32A3513E5 = {
						DevelopmentTeam = "";
					};
				};
			};
			buildConfigurationList = B2482631FF5E57BD20BC4799 /* Build configuration list for PBXProject "OpenClawMonitor" */;
			developmentRegion = en;
			hasScannedForEncodings = 0;
			knownRegions = (
				Base,
				en,
			);
			mainGroup = 7131C3E4A8B1DF55BD4AD552;
			minimizedProjectReferenceProxies = 1;
			preferredProjectObjectVersion = 77;
			productRefGroup = 45739CD6928332162AE5FFA2 /* Products */;
			projectDirPath = "";
			projectRoot = "";
			targets = (
				9AC7EFE1279721B32A3513E5 /* OpenClawMonitor */,
			);
		};
/* End PBXProject section */

/* Begin PBXSourcesBuildPhase section */
		4B43FFEAE0741AC4C52AF6AE /* Sources */ = {
			isa = PBXSourcesBuildPhase;
			buildActionMask = 2147483647;
			files = (
				AB43853830538B94413B6ADB /* APIClient.swift in Sources */,
				58BDC7E4A145BA53425221AA /* APIResponse.swift in Sources */,
				F484861D055357456F346EB7 /* Agent.swift in Sources */,
				99C241137259351192165C21 /* Alert.swift in Sources */,
				E1E638CC52A923DF1B318082 /* AppError.swift in Sources */,
				C4425E08DCF0623EC081F402 /* AuthManager.swift in Sources */,
				4694801719DC588E6ED6A5BC /* ConnectivityMonitor.swift in Sources */,
				8E7483FDCE8BB147305CE313 /* ContentView.swift in Sources */,
				1E7446523C2CED731D45B743 /* CronJob.swift in Sources */,
				B252EAA8692D98B2D0E7376A /* CronView.swift in Sources */,
				5184989F3518E77900A07FDF /* CronViewModel.swift in Sources */,
				38DCC268BEB87A9B505E4734 /* DashboardView.swift in Sources */,
				B41D92D49CD0B6E0A4402CFA /* DashboardViewModel.swift in Sources */,
				AC6F7EC5002162F2BFD8CD01 /* Endpoint.swift in Sources */,
				FCEF1538289CD9733119CDED /* LoginView.swift in Sources */,
				A0708FE2DAADA1A20DBC5EED /* LogsView.swift in Sources */,
				9B3B996E2B2C999C870BBAFB /* LogsViewModel.swift in Sources */,
				CC7523239E88643086548D38 /* MonitorView.swift in Sources */,
				B98EAF4021CCF488FE8292E5 /* OpenClawMonitorApp.swift in Sources */,
				D0C768816551D2CD6EE50F79 /* SSEClient.swift in Sources */,
				0407FC9ED972715DA6849000 /* Task.swift in Sources */,
				1A0331B3FF2456251EE773EF /* TaskHubView.swift in Sources */,
				FB6A2A1A207DBF48B38DF39A /* TaskHubViewModel.swift in Sources */,
			);
			runOnlyForDeploymentPostprocessing = 0;
		};
/* End PBXSourcesBuildPhase section */

/* Begin XCBuildConfiguration section */
		26CC6B38CE45DB0B7A4F86D0 /* Release */ = {
			isa = XCBuildConfiguration;
			buildSettings = {
				ASSETCATALOG_COMPILER_APPICON_NAME = AppIcon;
				CODE_SIGN_IDENTITY = "iPhone Developer";
				GENERATE_INFOPLIST_FILE = YES;
				INFOPLIST_KEY_CFBundleDisplayName = "OC Monitor";
				INFOPLIST_KEY_UIApplicationSceneManifest_Generation = YES;
				INFOPLIST_KEY_UIApplicationSupportsIndirectInputEvents = YES;
				INFOPLIST_KEY_UILaunchScreen_Generation = YES;
				INFOPLIST_KEY_UISupportedInterfaceOrientations_iPad = "UIInterfaceOrientationPortrait UIInterfaceOrientationPortraitUpsideDown UIInterfaceOrientationLandscapeLeft UIInterfaceOrientationLandscapeRight";
				INFOPLIST_KEY_UISupportedInterfaceOrientations_iPhone = "UIInterfaceOrientationPortrait UIInterfaceOrientationLandscapeLeft UIInterfaceOrientationLandscapeRight";
				LD_RUNPATH_SEARCH_PATHS = (
					"$(inherited)",
					"@executable_path/Frameworks",
				);
				PRODUCT_BUNDLE_IDENTIFIER = com.openclaw.OpenClawMonitor;
				SDKROOT = iphoneos;
				TARGETED_DEVICE_FAMILY = "1,2";
			};
			name = Release;
		};
		2EB66452F0B7CAA592198EC6 /* Release */ = {
			isa = XCBuildConfiguration;
			buildSettings = {
				ALWAYS_SEARCH_USER_PATHS = NO;
				CLANG_ANALYZER_NONNULL = YES;
				CLANG_ANALYZER_NUMBER_OBJECT_CONVERSION = YES_AGGRESSIVE;
				CLANG_CXX_LANGUAGE_STANDARD = "gnu++14";
				CLANG_CXX_LIBRARY = "libc++";
				CLANG_ENABLE_MODULES = YES;
				CLANG_ENABLE_OBJC_ARC = YES;
				CLANG_ENABLE_OBJC_WEAK = YES;
				CLANG_WARN_BLOCK_CAPTURE_AUTORELEASING = YES;
				CLANG_WARN_BOOL_CONVERSION = YES;
				CLANG_WARN_COMMA = YES;
				CLANG_WARN_CONSTANT_CONVERSION = YES;
				CLANG_WARN_DEPRECATED_OBJC_IMPLEMENTATIONS = YES;
				CLANG_WARN_DIRECT_OBJC_ISA_USAGE = YES_ERROR;
				CLANG_WARN_DOCUMENTATION_COMMENTS = YES;
				CLANG_WARN_EMPTY_BODY = YES;
				CLANG_WARN_ENUM_CONVERSION = YES;
				CLANG_WARN_INFINITE_RECURSION = YES;
				CLANG_WARN_INT_CONVERSION = YES;
				CLANG_WARN_NON_LITERAL_NULL_CONVERSION = YES;
				CLANG_WARN_OBJC_IMPLICIT_RETAIN_SELF = YES;
				CLANG_WARN_OBJC_LITERAL_CONVERSION = YES;
				CLANG_WARN_OBJC_ROOT_CLASS = YES_ERROR;
				CLANG_WARN_QUOTED_INCLUDE_IN_FRAMEWORK_HEADER = YES;
				CLANG_WARN_RANGE_LOOP_ANALYSIS = YES;
				CLANG_WARN_STRICT_PROTOTYPES = YES;
				CLANG_WARN_SUSPICIOUS_MOVE = YES;
				CLANG_WARN_UNGUARDED_AVAILABILITY = YES_AGGRESSIVE;
				CLANG_WARN_UNREACHABLE_CODE = YES;
				CLANG_WARN__DUPLICATE_METHOD_MATCH = YES;
				COPY_PHASE_STRIP = NO;
				DEBUG_INFORMATION_FORMAT = "dwarf-with-dsym";
				DEVELOPMENT_TEAM = "";
				ENABLE_NS_ASSERTIONS = NO;
				ENABLE_STRICT_OBJC_MSGSEND = YES;
				GCC_C_LANGUAGE_STANDARD = gnu11;
				GCC_NO_COMMON_BLOCKS = YES;
				GCC_WARN_64_TO_32_BIT_CONVERSION = YES;
				GCC_WARN_ABOUT_RETURN_TYPE = YES_ERROR;
				GCC_WARN_UNDECLARED_SELECTOR = YES;
				GCC_WARN_UNINITIALIZED_AUTOS = YES_AGGRESSIVE;
				GCC_WARN_UNUSED_FUNCTION = YES;
				GCC_WARN_UNUSED_VARIABLE = YES;
				IPHONEOS_DEPLOYMENT_TARGET = 18.0;
				MTL_ENABLE_DEBUG_INFO = NO;
				MTL_FAST_MATH = YES;
				PRODUCT_NAME = "$(TARGET_NAME)";
				SDKROOT = iphoneos;
				SWIFT_COMPILATION_MODE = wholemodule;
				SWIFT_OPTIMIZATION_LEVEL = "-O";
				SWIFT_VERSION = 6.0;
			};
			name = Release;
		};
		34F00060BBD5A1F42FDE3318 /* Debug */ = {
			isa = XCBuildConfiguration;
			buildSettings = {
				ASSETCATALOG_COMPILER_APPICON_NAME = AppIcon;
				CODE_SIGN_IDENTITY = "iPhone Developer";
				GENERATE_INFOPLIST_FILE = YES;
				INFOPLIST_KEY_CFBundleDisplayName = "OC Monitor";
				INFOPLIST_KEY_UIApplicationSceneManifest_Generation = YES;
				INFOPLIST_KEY_UIApplicationSupportsIndirectInputEvents = YES;
				INFOPLIST_KEY_UILaunchScreen_Generation = YES;
				INFOPLIST_KEY_UISupportedInterfaceOrientations_iPad = "UIInterfaceOrientationPortrait UIInterfaceOrientationPortraitUpsideDown UIInterfaceOrientationLandscapeLeft UIInterfaceOrientationLandscapeRight";
				INFOPLIST_KEY_UISupportedInterfaceOrientations_iPhone = "UIInterfaceOrientationPortrait UIInterfaceOrientationLandscapeLeft UIInterfaceOrientationLandscapeRight";
				LD_RUNPATH_SEARCH_PATHS = (
					"$(inherited)",
					"@executable_path/Frameworks",
				);
				PRODUCT_BUNDLE_IDENTIFIER = com.openclaw.OpenClawMonitor;
				SDKROOT = iphoneos;
				TARGETED_DEVICE_FAMILY = "1,2";
			};
			name = Debug;
		};
		6D09BB767E7991714802C92F /* Debug */ = {
			isa = XCBuildConfiguration;
			buildSettings = {
				ALWAYS_SEARCH_USER_PATHS = NO;
				CLANG_ANALYZER_NONNULL = YES;
				CLANG_ANALYZER_NUMBER_OBJECT_CONVERSION = YES_AGGRESSIVE;
				CLANG_CXX_LANGUAGE_STANDARD = "gnu++14";
				CLANG_CXX_LIBRARY = "libc++";
				CLANG_ENABLE_MODULES = YES;
				CLANG_ENABLE_OBJC_ARC = YES;
				CLANG_ENABLE_OBJC_WEAK = YES;
				CLANG_WARN_BLOCK_CAPTURE_AUTORELEASING = YES;
				CLANG_WARN_BOOL_CONVERSION = YES;
				CLANG_WARN_COMMA = YES;
				CLANG_WARN_CONSTANT_CONVERSION = YES;
				CLANG_WARN_DEPRECATED_OBJC_IMPLEMENTATIONS = YES;
				CLANG_WARN_DIRECT_OBJC_ISA_USAGE = YES_ERROR;
				CLANG_WARN_DOCUMENTATION_COMMENTS = YES;
				CLANG_WARN_EMPTY_BODY = YES;
				CLANG_WARN_ENUM_CONVERSION = YES;
				CLANG_WARN_INFINITE_RECURSION = YES;
				CLANG_WARN_INT_CONVERSION = YES;
				CLANG_WARN_NON_LITERAL_NULL_CONVERSION = YES;
				CLANG_WARN_OBJC_IMPLICIT_RETAIN_SELF = YES;
				CLANG_WARN_OBJC_LITERAL_CONVERSION = YES;
				CLANG_WARN_OBJC_ROOT_CLASS = YES_ERROR;
				CLANG_WARN_QUOTED_INCLUDE_IN_FRAMEWORK_HEADER = YES;
				CLANG_WARN_RANGE_LOOP_ANALYSIS = YES;
				CLANG_WARN_STRICT_PROTOTYPES = YES;
				CLANG_WARN_SUSPICIOUS_MOVE = YES;
				CLANG_WARN_UNGUARDED_AVAILABILITY = YES_AGGRESSIVE;
				CLANG_WARN_UNREACHABLE_CODE = YES;
				CLANG_WARN__DUPLICATE_METHOD_MATCH = YES;
				COPY_PHASE_STRIP = NO;
				DEBUG_INFORMATION_FORMAT = dwarf;
				DEVELOPMENT_TEAM = "";
				ENABLE_STRICT_OBJC_MSGSEND = YES;
				ENABLE_TESTABILITY = YES;
				GCC_C_LANGUAGE_STANDARD = gnu11;
				GCC_DYNAMIC_NO_PIC = NO;
				GCC_NO_COMMON_BLOCKS = YES;
				GCC_OPTIMIZATION_LEVEL = 0;
				GCC_PREPROCESSOR_DEFINITIONS = (
					"$(inherited)",
					"DEBUG=1",
				);
				GCC_WARN_64_TO_32_BIT_CONVERSION = YES;
				GCC_WARN_ABOUT_RETURN_TYPE = YES_ERROR;
				GCC_WARN_UNDECLARED_SELECTOR = YES;
				GCC_WARN_UNINITIALIZED_AUTOS = YES_AGGRESSIVE;
				GCC_WARN_UNUSED_FUNCTION = YES;
				GCC_WARN_UNUSED_VARIABLE = YES;
				IPHONEOS_DEPLOYMENT_TARGET = 18.0;
				MTL_ENABLE_DEBUG_INFO = INCLUDE_SOURCE;
				MTL_FAST_MATH = YES;
				ONLY_ACTIVE_ARCH = YES;
				PRODUCT_NAME = "$(TARGET_NAME)";
				SDKROOT = iphoneos;
				SWIFT_ACTIVE_COMPILATION_CONDITIONS = DEBUG;
				SWIFT_OPTIMIZATION_LEVEL = "-Onone";
				SWIFT_VERSION = 6.0;
			};
			name = Debug;
		};
/* End XCBuildConfiguration section */

/* Begin XCConfigurationList section */
		46FAC2F905099D99C414CE24 /* Build configuration list for PBXNativeTarget "OpenClawMonitor" */ = {
			isa = XCConfigurationList;
			buildConfigurations = (
				34F00060BBD5A1F42FDE3318 /* Debug */,
				26CC6B38CE45DB0B7A4F86D0 /* Release */,
			);
			defaultConfigurationIsVisible = 0;
			defaultConfigurationName = Debug;
		};
		B2482631FF5E57BD20BC4799 /* Build configuration list for PBXProject "OpenClawMonitor" */ = {
			isa = XCConfigurationList;
			buildConfigurations = (
				6D09BB767E7991714802C92F /* Debug */,
				2EB66452F0B7CAA592198EC6 /* Release */,
			);
			defaultConfigurationIsVisible = 0;
			defaultConfigurationName = Debug;
		};
/* End XCConfigurationList section */
	};
	rootObject = 7484296D032AB3F915747E90 /* Project object */;
}
